
Microsoft Visual Studio Solution File, Format Version 12.00
# Visual Studio Version 17
VisualStudioVersion = 17.3.32804.467
MinimumVisualStudioVersion = 10.0.40219.1
Project("{FAE04EC0-301F-11D3-BF4B-00C04F79EFBC}") = "BTVN", "BTVN\BTVN.csproj", "{B1533A6E-0DAA-4989-BE46-D68FE38FF75E}"
EndProject
Global
	GlobalSection(SolutionConfigurationPlatforms) = preSolution
		Debug|Any CPU = Debug|Any CPU
		Release|Any CPU = Release|Any CPU
	EndGlobalSection
	GlobalSection(ProjectConfigurationPlatforms) = postSolution
		{B1533A6E-0DAA-4989-BE46-D68FE38FF75E}.Debug|Any CPU.ActiveCfg = Debug|Any CPU
		{B1533A6E-0DAA-4989-BE46-D68FE38FF75E}.Debug|Any CPU.Build.0 = Debug|Any CPU
		{B1533A6E-0DAA-4989-BE46-D68FE38FF75E}.Release|Any CPU.ActiveCfg = Release|Any CPU
		{B1533A6E-0DAA-4989-BE46-D68FE38FF75E}.Release|Any CPU.Build.0 = Release|Any CPU
	EndGlobalSection
	GlobalSection(SolutionProperties) = preSolution
		HideSolutionNode = FALSE
	EndGlobalSection
	GlobalSection(ExtensibilityGlobals) = postSolution
		SolutionGuid = {0C6827FA-7068-4969-98D3-0C2620886EB6}
	EndGlobalSection
EndGlobal
